
Microsoft Visual Studio Solution File, Format Version 12.00
# Visual Studio 2013
VisualStudioVersion = 12.0.40629.0
MinimumVisualStudioVersion = 10.0.40219.1
Project("{FAE04EC0-301F-11D3-BF4B-00C04F79EFBC}") = "SEIBK.DAL", "SEIBK.DAL\SEIBK.DAL.csproj", "{C126901C-B31C-48E5-AB88-86FEA15DCE00}"
EndProject
Project("{FAE04EC0-301F-11D3-BF4B-00C04F79EFBC}") = "SEIBK.BL", "SEIBK.BL\SEIBK.BL.csproj", "{74150BCB-DB35-4884-8DEF-0C7D638AB62D}"
	ProjectSection(ProjectDependencies) = postProject
		{C126901C-B31C-48E5-AB88-86FEA15DCE00} = {C126901C-B31C-48E5-AB88-86FEA15DCE00}
	EndProjectSection
EndProject
Project("{FAE04EC0-301F-11D3-BF4B-00C04F79EFBC}") = "SEIBK.Web", "SEIBK.Web\SEIBK.Web.csproj", "{81664A4C-7A31-41F7-B659-055C775E34D0}"
	ProjectSection(ProjectDependencies) = postProject
		{74150BCB-DB35-4884-8DEF-0C7D638AB62D} = {74150BCB-DB35-4884-8DEF-0C7D638AB62D}
	EndProjectSection
EndProject
Global
	GlobalSection(SolutionConfigurationPlatforms) = preSolution
		Debug|Any CPU = Debug|Any CPU
		Release|Any CPU = Release|Any CPU
	EndGlobalSection
	GlobalSection(ProjectConfigurationPlatforms) = postSolution
		{C126901C-B31C-48E5-AB88-86FEA15DCE00}.Debug|Any CPU.ActiveCfg = Debug|Any CPU
		{C126901C-B31C-48E5-AB88-86FEA15DCE00}.Debug|Any CPU.Build.0 = Debug|Any CPU
		{C126901C-B31C-48E5-AB88-86FEA15DCE00}.Release|Any CPU.ActiveCfg = Release|Any CPU
		{C126901C-B31C-48E5-AB88-86FEA15DCE00}.Release|Any CPU.Build.0 = Release|Any CPU
		{74150BCB-DB35-4884-8DEF-0C7D638AB62D}.Debug|Any CPU.ActiveCfg = Debug|Any CPU
		{74150BCB-DB35-4884-8DEF-0C7D638AB62D}.Debug|Any CPU.Build.0 = Debug|Any CPU
		{74150BCB-DB35-4884-8DEF-0C7D638AB62D}.Release|Any CPU.ActiveCfg = Release|Any CPU
		{74150BCB-DB35-4884-8DEF-0C7D638AB62D}.Release|Any CPU.Build.0 = Release|Any CPU
		{81664A4C-7A31-41F7-B659-055C775E34D0}.Debug|Any CPU.ActiveCfg = Debug|Any CPU
		{81664A4C-7A31-41F7-B659-055C775E34D0}.Debug|Any CPU.Build.0 = Debug|Any CPU
		{81664A4C-7A31-41F7-B659-055C775E34D0}.Release|Any CPU.ActiveCfg = Release|Any CPU
		{81664A4C-7A31-41F7-B659-055C775E34D0}.Release|Any CPU.Build.0 = Release|Any CPU
	EndGlobalSection
	GlobalSection(SolutionProperties) = preSolution
		HideSolutionNode = FALSE
	EndGlobalSection
EndGlobal
